
Microsoft Visual Studio Solution File, Format Version 12.00
# Visual Studio Version 17
VisualStudioVersion = 17.11.35312.102
MinimumVisualStudioVersion = 10.0.40219.1
Project("{FAE04EC0-301F-11D3-BF4B-00C04F79EFBC}") = "Homework 1", "Homework 1\Homework 1.csproj", "{020B9F87-5AF1-4F94-86B9-DB128675E021}"
EndProject
Global
	GlobalSection(SolutionConfigurationPlatforms) = preSolution
		Debug|Any CPU = Debug|Any CPU
		Release|Any CPU = Release|Any CPU
	EndGlobalSection
	GlobalSection(ProjectConfigurationPlatforms) = postSolution
		{020B9F87-5AF1-4F94-86B9-DB128675E021}.Debug|Any CPU.ActiveCfg = Debug|Any CPU
		{020B9F87-5AF1-4F94-86B9-DB128675E021}.Debug|Any CPU.Build.0 = Debug|Any CPU
		{020B9F87-5AF1-4F94-86B9-DB128675E021}.Release|Any CPU.ActiveCfg = Release|Any CPU
		{020B9F87-5AF1-4F94-86B9-DB128675E021}.Release|Any CPU.Build.0 = Release|Any CPU
	EndGlobalSection
	GlobalSection(SolutionProperties) = preSolution
		HideSolutionNode = FALSE
	EndGlobalSection
	GlobalSection(ExtensibilityGlobals) = postSolution
		SolutionGuid = {7A0A8D23-7F5A-43C6-881D-5B7FDCD0338C}
	EndGlobalSection
EndGlobal
